{
  "version": 4,
  "terraform_version": "1.11.2",
  "serial": 58,
  "lineage": "f9a9f5fc-fed7-4e51-8327-01b550b3d261",
  "outputs": {},
  "resources": [
    {
      "mode": "data",
      "type": "azurerm_client_config",
      "name": "current",
      "provider": "provider[\"registry.terraform.io/hashicorp/azurerm\"]",
      "instances": [
        {
          "schema_version": 0,
          "attributes": {
            "client_id": "04b07795-8ddb-461a-bbee-02f9e1bf7b46",
            "id": "Y2xpZW50Q29uZmlncy9jbGllbnRJZD0wNGIwNzc5NS04ZGRiLTQ2MWEtYmJlZS0wMmY5ZTFiZjdiNDY7b2JqZWN0SWQ9YWExODNiMGEtMTdhNC00YjdiLThkZDgtZjZiZTE0YWYxOGRhO3N1YnNjcmlwdGlvbklkPWI5ODc5YzE4LWU4ZGEtNGM4NS1hOWRlLTA2NDYyYjljYjhhYTt0ZW5hbnRJZD03Y2JkOWYyMi04ZWJmLTRhNDktOGM5ZC1hNzgwZTQ3MWI5NDk=",
            "object_id": "aa183b0a-17a4-4b7b-8dd8-f6be14af18da",
            "subscription_id": "b9879c18-e8da-4c85-a9de-06462b9cb8aa",
            "tenant_id": "7cbd9f22-8ebf-4a49-8c9d-a780e471b949",
            "timeouts": null
          },
          "sensitive_attributes": []
        }
      ]
    },
    {
      "mode": "data",
      "type": "azurerm_resource_group",
      "name": "grupo-recursos-ada",
      "provider": "provider[\"registry.terraform.io/hashicorp/azurerm\"]",
      "instances": [
        {
          "schema_version": 0,
          "attributes": {
            "id": "/subscriptions/b9879c18-e8da-4c85-a9de-06462b9cb8aa/resourceGroups/grupo-de-recursos-ada",
            "location": "brazilsouth",
            "managed_by": "",
            "name": "grupo-de-recursos-ada",
            "tags": {},
            "timeouts": null
          },
          "sensitive_attributes": []
        }
      ]
    },
    {
      "mode": "managed",
      "type": "azurerm_container_registry",
      "name": "acr",
      "provider": "provider[\"registry.terraform.io/hashicorp/azurerm\"]",
      "instances": [
        {
          "schema_version": 2,
          "attributes": {
            "admin_enabled": true,
            "admin_password": "YnXfM24wsv7pePy6MRjtSCf88o/nphwKDyHoUAb9yg+ACRDMSafy",
            "admin_username": "acrprojetoada",
            "anonymous_pull_enabled": false,
            "data_endpoint_enabled": false,
            "encryption": [
              {
                "enabled": false,
                "identity_client_id": "",
                "key_vault_key_id": ""
              }
            ],
            "export_policy_enabled": true,
            "georeplications": [],
            "id": "/subscriptions/b9879c18-e8da-4c85-a9de-06462b9cb8aa/resourceGroups/grupo-de-recursos-ada/providers/Microsoft.ContainerRegistry/registries/acrprojetoada",
            "identity": [],
            "location": "brazilsouth",
            "login_server": "acrprojetoada.azurecr.io",
            "name": "acrprojetoada",
            "network_rule_bypass_option": "AzureServices",
            "network_rule_set": [],
            "public_network_access_enabled": true,
            "quarantine_policy_enabled": false,
            "resource_group_name": "grupo-de-recursos-ada",
            "retention_policy": [
              {
                "days": 7,
                "enabled": false
              }
            ],
            "sku": "Basic",
            "tags": {},
            "timeouts": null,
            "trust_policy": [
              {
                "enabled": false
              }
            ],
            "zone_redundancy_enabled": false
          },
          "sensitive_attributes": [
            [
              {
                "type": "get_attr",
                "value": "admin_password"
              }
            ]
          ],
          "private": "eyJlMmJmYjczMC1lY2FhLTExZTYtOGY4OC0zNDM2M2JjN2M0YzAiOnsiY3JlYXRlIjoxODAwMDAwMDAwMDAwLCJkZWxldGUiOjE4MDAwMDAwMDAwMDAsInJlYWQiOjMwMDAwMDAwMDAwMCwidXBkYXRlIjoxODAwMDAwMDAwMDAwfSwic2NoZW1hX3ZlcnNpb24iOiIyIn0=",
          "dependencies": [
            "azurerm_resource_group.grupo-recursos-ada"
          ]
        }
      ]
    },
    {
      "mode": "managed",
      "type": "azurerm_key_vault",
      "name": "kv",
      "provider": "provider[\"registry.terraform.io/hashicorp/azurerm\"]",
      "instances": [
        {
          "schema_version": 2,
          "attributes": {
            "access_policy": [
              {
                "application_id": "",
                "certificate_permissions": [],
                "key_permissions": [],
                "object_id": "aa183b0a-17a4-4b7b-8dd8-f6be14af18da",
                "secret_permissions": [
                  "Get",
                  "List",
                  "Set",
                  "Delete"
                ],
                "storage_permissions": [],
                "tenant_id": "7cbd9f22-8ebf-4a49-8c9d-a780e471b949"
              },
              {
                "application_id": "",
                "certificate_permissions": [],
                "key_permissions": [],
                "object_id": "23e51e62-c2f2-4d99-86f2-3e69b7a8d490",
                "secret_permissions": [
                  "Get",
                  "List"
                ],
                "storage_permissions": [],
                "tenant_id": "7cbd9f22-8ebf-4a49-8c9d-a780e471b949"
              }
            ],
            "contact": [],
            "enable_rbac_authorization": false,
            "enabled_for_deployment": false,
            "enabled_for_disk_encryption": false,
            "enabled_for_template_deployment": false,
            "id": "/subscriptions/b9879c18-e8da-4c85-a9de-06462b9cb8aa/resourceGroups/grupo-de-recursos-ada/providers/Microsoft.KeyVault/vaults/kv-desafio-aks",
            "location": "brazilsouth",
            "name": "kv-desafio-aks",
            "network_acls": [
              {
                "bypass": "AzureServices",
                "default_action": "Allow",
                "ip_rules": [],
                "virtual_network_subnet_ids": []
              }
            ],
            "public_network_access_enabled": true,
            "purge_protection_enabled": true,
            "resource_group_name": "grupo-de-recursos-ada",
            "sku_name": "standard",
            "soft_delete_retention_days": 7,
            "tags": {},
            "tenant_id": "7cbd9f22-8ebf-4a49-8c9d-a780e471b949",
            "timeouts": null,
            "vault_uri": "https://kv-desafio-aks.vault.azure.net/"
          },
          "sensitive_attributes": [],
          "private": "eyJlMmJmYjczMC1lY2FhLTExZTYtOGY4OC0zNDM2M2JjN2M0YzAiOnsiY3JlYXRlIjoxODAwMDAwMDAwMDAwLCJkZWxldGUiOjE4MDAwMDAwMDAwMDAsInJlYWQiOjMwMDAwMDAwMDAwMCwidXBkYXRlIjoxODAwMDAwMDAwMDAwfSwic2NoZW1hX3ZlcnNpb24iOiIyIn0=",
          "dependencies": [
            "azurerm_kubernetes_cluster.main",
            "azurerm_resource_group.grupo-recursos-ada",
            "data.azurerm_client_config.current"
          ]
        }
      ]
    },
    {
      "mode": "managed",
      "type": "azurerm_key_vault_secret",
      "name": "db_connection_string",
      "provider": "provider[\"registry.terraform.io/hashicorp/azurerm\"]",
      "instances": [
        {
          "schema_version": 0,
          "attributes": {
            "content_type": "",
            "expiration_date": null,
            "id": "https://kv-desafio-aks.vault.azure.net/secrets/db-connection-string/e0d5bdd40c4940e2a7238e81eb14e756",
            "key_vault_id": "/subscriptions/b9879c18-e8da-4c85-a9de-06462b9cb8aa/resourceGroups/grupo-de-recursos-ada/providers/Microsoft.KeyVault/vaults/kv-desafio-aks",
            "name": "db-connection-string",
            "not_before_date": null,
            "resource_id": "/subscriptions/b9879c18-e8da-4c85-a9de-06462b9cb8aa/resourceGroups/grupo-de-recursos-ada/providers/Microsoft.KeyVault/vaults/kv-desafio-aks/secrets/db-connection-string/versions/e0d5bdd40c4940e2a7238e81eb14e756",
            "resource_versionless_id": "/subscriptions/b9879c18-e8da-4c85-a9de-06462b9cb8aa/resourceGroups/grupo-de-recursos-ada/providers/Microsoft.KeyVault/vaults/kv-desafio-aks/secrets/db-connection-string",
            "tags": {},
            "timeouts": null,
            "value": "Server=tcp:mybancodedadis.database.windows.net,1433;Initial Catalog=BancoProjetoAda;Persist Security Info=False;User ID=BANCODEDADOS;Password=123456789qwE@;MultipleActiveResultSets=False;Encrypt=True;TrustServerCertificate=False;Connection Timeout=30;",
            "version": "e0d5bdd40c4940e2a7238e81eb14e756",
            "versionless_id": "https://kv-desafio-aks.vault.azure.net/secrets/db-connection-string"
          },
          "sensitive_attributes": [
            [
              {
                "type": "get_attr",
                "value": "value"
              }
            ]
          ],
          "private": "eyJlMmJmYjczMC1lY2FhLTExZTYtOGY4OC0zNDM2M2JjN2M0YzAiOnsiY3JlYXRlIjoxODAwMDAwMDAwMDAwLCJkZWxldGUiOjE4MDAwMDAwMDAwMDAsInJlYWQiOjE4MDAwMDAwMDAwMDAsInVwZGF0ZSI6MTgwMDAwMDAwMDAwMH19",
          "dependencies": [
            "azurerm_key_vault.kv",
            "azurerm_kubernetes_cluster.main",
            "azurerm_mssql_database.db",
            "azurerm_mssql_server.sqlserver",
            "azurerm_resource_group.grupo-recursos-ada",
            "data.azurerm_client_config.current"
          ]
        }
      ]
    },
    {
      "mode": "managed",
      "type": "azurerm_kubernetes_cluster",
      "name": "main",
      "provider": "provider[\"registry.terraform.io/hashicorp/azurerm\"]",
      "instances": [
        {
          "schema_version": 2,
          "attributes": {
            "aci_connector_linux": [],
            "api_server_access_profile": [],
            "api_server_authorized_ip_ranges": [],
            "auto_scaler_profile": [],
            "automatic_channel_upgrade": "",
            "azure_active_directory_role_based_access_control": [],
            "azure_policy_enabled": null,
            "confidential_computing": [],
            "cost_analysis_enabled": false,
            "current_kubernetes_version": "1.30.9",
            "custom_ca_trust_certificates_base64": [],
            "default_node_pool": [
              {
                "capacity_reservation_group_id": "",
                "custom_ca_trust_enabled": false,
                "enable_auto_scaling": false,
                "enable_host_encryption": false,
                "enable_node_public_ip": false,
                "fips_enabled": false,
                "gpu_instance": "",
                "host_group_id": "",
                "kubelet_config": [],
                "kubelet_disk_type": "OS",
                "linux_os_config": [],
                "max_count": 0,
                "max_pods": 250,
                "message_of_the_day": "",
                "min_count": 0,
                "name": "default",
                "node_count": 1,
                "node_labels": {},
                "node_network_profile": [],
                "node_public_ip_prefix_id": "",
                "node_taints": [],
                "only_critical_addons_enabled": false,
                "orchestrator_version": "1.30",
                "os_disk_size_gb": 128,
                "os_disk_type": "Managed",
                "os_sku": "Ubuntu",
                "pod_subnet_id": "",
                "proximity_placement_group_id": "",
                "scale_down_mode": "Delete",
                "snapshot_id": "",
                "tags": {},
                "temporary_name_for_rotation": "",
                "type": "VirtualMachineScaleSets",
                "ultra_ssd_enabled": false,
                "upgrade_settings": [
                  {
                    "drain_timeout_in_minutes": 0,
                    "max_surge": "10%",
                    "node_soak_duration_in_minutes": 0
                  }
                ],
                "vm_size": "Standard_D2_v2",
                "vnet_subnet_id": "",
                "workload_runtime": "",
                "zones": []
              }
            ],
            "disk_encryption_set_id": "",
            "dns_prefix": "aks",
            "dns_prefix_private_cluster": "",
            "edge_zone": "",
            "enable_pod_security_policy": false,
            "fqdn": "aks-dazfpru7.hcp.brazilsouth.azmk8s.io",
            "http_application_routing_enabled": null,
            "http_application_routing_zone_name": null,
            "http_proxy_config": [],
            "id": "/subscriptions/b9879c18-e8da-4c85-a9de-06462b9cb8aa/resourceGroups/grupo-de-recursos-ada/providers/Microsoft.ContainerService/managedClusters/aks-cluster",
            "identity": [
              {
                "identity_ids": [],
                "principal_id": "97cc0cd8-7439-4517-87d0-3e071c8257ca",
                "tenant_id": "7cbd9f22-8ebf-4a49-8c9d-a780e471b949",
                "type": "SystemAssigned"
              }
            ],
            "image_cleaner_enabled": false,
            "image_cleaner_interval_hours": 48,
            "ingress_application_gateway": [],
            "key_management_service": [],
            "key_vault_secrets_provider": [],
            "kube_admin_config": [],
            "kube_admin_config_raw": "",
            "kube_config": [
              {
                "client_certificate": "LS0tLS1CRUdJTiBDRVJUSUZJQ0FURS0tLS0tCk1JSUZIakNDQXdhZ0F3SUJBZ0lSQU5JNVlHOWVmOGJGbWZsaHAzTXFmUGd3RFFZSktvWklodmNOQVFFTEJRQXcKRFRFTE1Ba0dBMVVFQXhNQ1kyRXdIaGNOTWpVd016RTNNVGcxTWpNNFdoY05NamN3TXpFM01Ua3dNak00V2pBdwpNUmN3RlFZRFZRUUtFdzV6ZVhOMFpXMDZiV0Z6ZEdWeWN6RVZNQk1HQTFVRUF4TU1iV0Z6ZEdWeVkyeHBaVzUwCk1JSUNJakFOQmdrcWhraUc5dzBCQVFFRkFBT0NBZzhBTUlJQ0NnS0NBZ0VBdlNscmR1OWNVd2l1N3dKUTRybCsKOFFQNmJuSzA5djRQZHVhVGFKam8rb0ZzL0Q0aHdWMk5LdmhtS0RHd2RuVkpKTm1Oa3BiTHVxRlBxRXhZOWVETgpJTUxQMExvV3lsN3hCL2x3NVExVU12K213QVRJMVBLaDRYTUhic2NJRHY1YitqbXFCdTFSd0c3ZlFpcXBDKzFrCmpKTkIyTnBZRGptV2RoSk1DNTZzRFFFYTAzYnl3VVdISmNtdW9PQThuYzd6M0s3Q3RmTUNTTm8zREdPQVhqdGEKZXA0WGNFVzBRbWVMZDI5bTl0MjRpWHhzaVFodkhQNk9uSXBhdEJBVDd1L3NVOXZWMWhHZW02UzJPWE1qYzlnNApzVjY0d2NCWVdKTS9ROEV5eWY2SktLMEViUGs0a3pjSmg3S3FzenV6T3VycEVzS3M3cDB1NE80dTNNNWZtN1NQCnhqR2wxVEh5MW5VS3BoY2M0WGNnQWRMWUxPbTRnUmdkVm5hMExRL2tiSzB4OVA3YVBYc2ZwU3h2Nk9HM1VHbmsKVEVqbVF5TWZ4aWxQZW5TOU5QVEVqNDREY2F3d2oycEZUZDhrRkRwVndCN29VQWpWZVRQVGNiRklzMHptV0Z6cwpjM05hWE5HS2dlNWx3bjJIeGFpS0J4QWlwcXJ6c3VjeXYrcnlwQzdGOW9kQUc1ZDN0aTczOFg2YjBoRWVmazI2Ckd6bUh1dWFxQ1o0bU9Xa2c3cVNOUlBmMnN6Vnd5STExQjJNUlJuS3RNRksxbEhhK2xyek9RZStJQjhKWFFkNTMKNHlubEVFTVRZNmFaaUFCK1lIekdGM1hnLzdoUVptVWJteStFbG5abUV6N1d4SWUzVFNZQ2k0T2N1TTRlaDR3Sgp1Z1JWaTVuMnVETjkzZGQ5RlNlTWVaY0NBd0VBQWFOV01GUXdEZ1lEVlIwUEFRSC9CQVFEQWdXZ01CTUdBMVVkCkpRUU1NQW9HQ0NzR0FRVUZCd01DTUF3R0ExVWRFd0VCL3dRQ01BQXdId1lEVlIwakJCZ3dGb0FVdDZpRWlLRVAKWFVEYlEwN1Aza24wTzhGOFhaa3dEUVlKS29aSWh2Y05BUUVMQlFBRGdnSUJBRDlVck9wSjF6cXNJY3dqYlB5TQplb1p3QWIxcUhxbDBOeVdTRzlOdk4vYjJTL2ZUNmpxeEpCZDFDTzFZcjh0V2JicTFmLzRTbndHYWFBU1BPMDRECjdpbkMzc2QzQVZnWVJycmwzRWVQemprWmI4Rm9ud1ZXSHdUamErNmsyN256MGt2d0JnejcvZ0VDTll5VFJvOUQKNFdZSUFJV2xRczNEWkpGQzBRZjJHYkdsbVNXV1RpeVU3aTVIbkFmVVd1aklZakV1cDV5THRvbUxUNWFxejJXVQorUk5DMTZxaWxDVitKSlhVS3RlZW9rSmFLVEhCK2daK2RUdDFidjUyeUtCeCthYktuWFJZY0xUZG5BeENzbndsCkk2bFJuUzJXSkNCekUyT2hTMzh4SlVHSkhubGlHNStWQVhJazdKSGRWK0E1RklIR1RkM0N6NkZqZmQvL3NjaHkKYUtlZUl6ZVQ4a1c3Um0wSTBvRjJuZDFkRXJXdGZkU2FyWHlSUmZHRmx5N2RKNU1nZmZ3Q2xIMjJEQStQMEdzYgpkSWNpZnJPaTErTHB3eTZsWm5BTWMxdXFTTDBaMUxEWEdvVXBocmtIZU92aG4rb1Bza2RsSnJCNm9STnBjOE5MCkJPUHZtMTlqbW8zUTRUUllkOGJmWDFYcHE4cVlKeEdQN3o0NzE4QllmNTZFbDBVZXJzSzNrY2NKanRpOVZDdUMKZERYTHJ1YUc1VW1zT25XQURJOEFOM3VaamVZRXlSc2VCNEU5MlJXMnZ1UVNqRkZyV2RwRnI2Q1RPS1A5S2xQcQp6cDlrS2Z1VU1vWCtHaTRvaVdsaFNqVHRuYkEwS0RaM0dvbzhQWm1DeTVGUlpPcS9Qa3Y4N0xBQ2dnQUJFcDZuCjVla2JybzNsRTdKVHVweXF5ZGFmTzJDYgotLS0tLUVORCBDRVJUSUZJQ0FURS0tLS0tCg==",
                "client_key": "LS0tLS1CRUdJTiBSU0EgUFJJVkFURSBLRVktLS0tLQpNSUlKS1FJQkFBS0NBZ0VBdlNscmR1OWNVd2l1N3dKUTRybCs4UVA2Ym5LMDl2NFBkdWFUYUpqbytvRnMvRDRoCndWMk5LdmhtS0RHd2RuVkpKTm1Oa3BiTHVxRlBxRXhZOWVETklNTFAwTG9XeWw3eEIvbHc1UTFVTXYrbXdBVEkKMVBLaDRYTUhic2NJRHY1YitqbXFCdTFSd0c3ZlFpcXBDKzFrakpOQjJOcFlEam1XZGhKTUM1NnNEUUVhMDNieQp3VVdISmNtdW9PQThuYzd6M0s3Q3RmTUNTTm8zREdPQVhqdGFlcDRYY0VXMFFtZUxkMjltOXQyNGlYeHNpUWh2CkhQNk9uSXBhdEJBVDd1L3NVOXZWMWhHZW02UzJPWE1qYzlnNHNWNjR3Y0JZV0pNL1E4RXl5ZjZKS0swRWJQazQKa3pjSmg3S3FzenV6T3VycEVzS3M3cDB1NE80dTNNNWZtN1NQeGpHbDFUSHkxblVLcGhjYzRYY2dBZExZTE9tNApnUmdkVm5hMExRL2tiSzB4OVA3YVBYc2ZwU3h2Nk9HM1VHbmtURWptUXlNZnhpbFBlblM5TlBURWo0NERjYXd3CmoycEZUZDhrRkRwVndCN29VQWpWZVRQVGNiRklzMHptV0Z6c2MzTmFYTkdLZ2U1bHduMkh4YWlLQnhBaXBxcnoKc3VjeXYrcnlwQzdGOW9kQUc1ZDN0aTczOFg2YjBoRWVmazI2R3ptSHV1YXFDWjRtT1drZzdxU05SUGYyc3pWdwp5STExQjJNUlJuS3RNRksxbEhhK2xyek9RZStJQjhKWFFkNTM0eW5sRUVNVFk2YVppQUIrWUh6R0YzWGcvN2hRClptVWJteStFbG5abUV6N1d4SWUzVFNZQ2k0T2N1TTRlaDR3SnVnUlZpNW4ydUROOTNkZDlGU2VNZVpjQ0F3RUEKQVFLQ0FnRUF2RTMzUkxhUzJiWFRMdXJIU213T0NpOURwWjlhdG1YRFQwSEpqRjVyenJQNG9rSFhxSDVRZ1c0MQpnOTJ6Skxrc3p4b2k3TUpnbkxEb2MwbE5aYmNiZkhseUZ2Nm9vVnhSNVBaVGhERDRtS3dXZXlCSUxIUTg0Z2w0ClpMYU5OeC9Pd0JHWFNMNEdtK0hETGtMNWRYNGtraXdsYUpJekJqWWRxZndjNTVSVkFiMFB6MktoMWZRNHpVMHcKSWNZWGthRHE4Y3ltMkNuSkpHeldUK2JkYXZENjZRVm5uOFJENWJiZUIwOUcySWx2b3EzUi9iZi9wSVZqd2tHWQplWmRud0h2bWJyUnc4bUVuMnhqa3Jkd0lkdEhQM2dIRk9sc1hsMVU5clYwdUNoYnd3eVU1T3FIOXg4OEtGYU91CmVpMzhCYkxEd29FNVZXL3pzc1pvc0RaZ3hzZkFObnpIWU1nQTZRa2NIQzU0bjV6bHNXT09oQi90VkFFaUZQczcKZERsVGplM0ZEZlcrbHBYUmswVHYzUXVES1R4UEI1NXgxQ1pQQTRiaGtIZnBNc1l6eVZiYVNsWHhIQ2VnSlRDcwpzSmRsMmRPS0pvb1lMYmFQekNWQjk5c1FWLzV5YmErRW9veFk4Nmczazh3SEJxV1F4d2pwU3dnNlZBYyt4bk9WCkNnY0kxdjFTUzgxMVlhRlpSZXgvQUlPQlplYWVWQWF6d01QQzNmcXhSamVlUTVmYmVpaENxZWtZcHJucmxOcDQKK3FLNWpIR3gvcW9abVBINXdqMGpiOE8vNVM5aUVodGlBUHk5UExtT0RxeUlmbERVRXFFY3p0cGVIY3ZzQ1UwNwpUbTBVQ0NSdGpSRkJ0Z2M3aUc0NmU0TVNNWnpvekZKSVRidlo0S2JwTFFWWVMzRk5Pd0VDZ2dFQkFPNGpuOE9KCnFkYkRZUVJpVHJFRExrQSs3VHVEZGVFKzB2MFgrME53S1ViNzFtZk1YbXk0d2FJZVRGU2hnU0poL0NPYlhVUUQKbHkyd0YwUG1SZ2d3Y1pWOHJBUHI2V2dZZEt1SWhFQnYwalU3Z1plWTlzQWZISXJzYWJ1ekx0bWlrK1d1cmxySgpJRi92UE5TVWY0ZHlPWFpmckVaRENwTFkxcXBtWnZmbGszT2pPN3Mva1NRMnhaRHgzWXdKTG0vYmVXL245WHg5CnRPNlQvYW1kZzlIZ3JoSEtZcHh1clZFR3V2OGdDOWEzUU1ldC81Q1huL043WmMycUlsajFxcksxR3gzV1REZ1MKZTNzMTJpdmMwbGdkK0Nxb3drUmwwMU85NFBxRWN6ZlBPbXhjZFBOM21tTTBNVlp1OGN1R2RqclgrMlMxRWNqSwpQcE0zQVJGVnYyUUlTc2NDZ2dFQkFNdFphTEpOL0NRMCtxSVRnNGIyZ1BuWXVXUitYQTNoQ0VYWDUyR2c5OVdECjFMYldFalVqaEkzNnRoYzlXRDVuaFQwMUdoTlZaMDdhaURvd0UwOC9wTUc3eWNUS0xrOEphMnZhdDd2SHFiRm4KeEltSjVCM2ptUmZkYWNGaXJXVDhhZHVqZ3ZOMkVubmJkbHVuRTFuSjd2YW1EUUN2cXUzSWczQjRLR0s0TnBvSApBWE5OcHRJVXZVZjFic2Z3dENISTdnekZvYmxrUzZlUnVrRGtoK1lzRUViSE1ZRk1JUUNHdWR4MnYrSmJKV1lPClpHbi9KYlAvZjRmbU1ocmZKMnRFOVJLcVM0RGkvQnVtc3hnZ2JmNHBPUnZpRWRwVUJOTGJub3UvMVR3QlpzNHYKcDhObmNXNVRIQU9LdUx5Slc2QUNkcmxwcW0wNVMvS3NUaUsxQ05EekNyRUNnZ0VBTFpMSHVtWVlDSyt2VzJWcwo1ZGRUL0p1T1R2dGpqYzIyRnhXRjBtd2VtaVVMN1NWaFZMRXU3VldiQ2Y4MmRWd0hJdEZTMGZkVjhUcG4yV2l5Ck1sTURDYmFvUEwvakZUYkk3U0xkSEcvSjdNSU1sUFNERkZWZjR2NUhaZEp1dnR1c0xpSjEzNDNxRWpINGxENHYKQWI3TVhHa0cwUk4zYkk3dTFnRnU1ellhTitFZlIwQnRDRjhyQkFnbGUrMHQ0OTQrcVRuYzh3d2ptaHpjU0orSwpZSm44OWc2alBJaTV4bTNoVDMzVWhpemZ5dGJ6dDdvc3RDNERWNDZkc0NTam5EdW9pdGMrRXVVR21KZS92dkV0Cm1BdDBPTVcvRjlQYzA0UGRFRlJVc0hPS0hMNjg2dk1TcXJXTVU1dzd6ZFZYdnY4aWJ5MXZ6OXRVaWx2V2FuamMKZmNwUWRRS0NBUUVBbXhUeitNL3ExTDRteXdhd3ozUWRodTRXN2FKRW1EMGZyd3hxcFJVN0RYWTkrcmFtS2lxTgpSQzZKUW80QlI0NXhtZTF1bG9JU2lKdTNPeEZCR0xaRDg1QkEzN2tGdWpkSDJuaHltVjQ3ZDFYWkdMKzEzbW1lCmJ3bm9ScGozL2tWV2dqQmdoVVp0N3N0RnA3NXl6bzVubFdtc0R2THFHL0JJOWJSZHNIUW5DQzhCbHlzSVo3MXoKWVhhM1p2cVdsaEdFSXU5eVdFNDZPSEMyS0JsaDMxT0pra0VGNjBMaEJHSzdTbnl4K0hKa3drR0ZxU1R5WHlVaQo0TVRaUDQ4aW8vZHlKQ3NGN0NTdituS1dzWGJDREF6cVJlNlNpUHg4dFViUzBtZVp1dXFpdWVxME9oMGc3KytvCk5MZE9EbE4vTWpmT3piYmRSL0ZqajQ2REJJc21UeHliOFFLQ0FRQlNCOHY4SDJjZGxzaFd0UU0rKzBxa0szRGMKOUZVZTRJeDVFeWovQ3dWMnp4TS90UTNXSVBFdXRLMmpkVEFhdDdRcS9mQVFoWkhwK0l0YmVNSU4yT3ZCYzFhaApaa2F2UVlEZkg3N0NxNGlPdHFiSWpLYkNaUWRFclBKQ044aW1URCtVMnp3ZWRJUFpxSDZlWGN5WjFSMFBhUDZxClNScTRzaGtZWkxtUkxla3FxS2JSNGNhNnp6M3BmenZlYmh0YWUreDI5QUtWNEFyN3lGYmRET1ZYUjNzaTBNTGcKY3g4UE9nVXMxL3FiWTR0elZFZnpSazhSeGNvblA3YjQrOW5xbHF3dG5wWGZrcWc0aFVhYkUrbGZFOHMxL1haawptUXhxK0UvM003QkEvblozNDJSY3IrcEo4T2txdmFyaHdlS0VPekN0WWQ4Y01nWksxZ3lFcThiUWRIZloKLS0tLS1FTkQgUlNBIFBSSVZBVEUgS0VZLS0tLS0K",
                "cluster_ca_certificate": "LS0tLS1CRUdJTiBDRVJUSUZJQ0FURS0tLS0tCk1JSUU2VENDQXRHZ0F3SUJBZ0lSQU5SSGRCQUx2ekZoUEhrOTcvd3JyNmd3RFFZSktvWklodmNOQVFFTEJRQXcKRFRFTE1Ba0dBMVVFQXhNQ1kyRXdJQmNOTWpVd016RTNNVGcxTWpNNFdoZ1BNakExTlRBek1UY3hPVEF5TXpoYQpNQTB4Q3pBSkJnTlZCQU1UQW1OaE1JSUNJakFOQmdrcWhraUc5dzBCQVFFRkFBT0NBZzhBTUlJQ0NnS0NBZ0VBCjRWd2xET2wwVFB6SzRPZzVEamlPVnhUTUorT0xidkg0KzN1ZEQ4Q2RVNjgxVTRORjlHSWhqNmQ1WHF5VzRqMVcKOXFidzZvZFpremxMa05JOEZnL3ZwSk1wcXVsSmNqN0pZY3VMNGNyZ0tyYXAxczMzVEdRVlRscENkWXIyemxobAo2RzQ5R2pMeEo3UEc2RU9IdW9uYUJ0V1ZGV1pZOU05L2hBYVo1dlVrZUJ0SWN4ME5hS1Z5TGh3TUhOWHVnSXBnCmRzU2JDc0tjNTVRVzJMM3JyQS9qY0xWL0pKRmFYZlFha1AveGFZL2lPNVc4Q0dQNkM3ZGdQL3dWZEY2VWZibDUKUWs4dlkrZmNaZXJpa2o3WWh1NHVIOW56YXBsUTllVHNuMHBJWmo5eTdWQkQ0cTRZWlVYZDhPYWpTeHQxR2pDQgpPbWREUWtSOTVCVmFmZllEZ2RkclBpNmxTaWxzYnJTQTlKSnM1WWVGa01OMzdOdWRaMUZXWmM0aVd3NkNSTjdNCnIwSnRRbksxL2xrTm1SMFBobG5HWk1qMlc1OElDc0h3bTNEV0lwMjBBTFo5VDluM2RuOWtES1MyVHBFUlFodS8Kdm0zWWhZWHZ5NkYxMHoxMHRhYWVQUFlDNnIzbTA3VEZoei9PMEt0cGhuc05WOWJwWnZweGJTZk9qT0UxY3VmcwpJamh2N2cwTUtvSGE0eDZlMSs4a2Zhbjh2WWJLTmF4a1E1UzNGWDJRSEFWbGQvU2xvWHRLUk05MzVTaEllNU4xCm9saGJXeXRaNUJHajNiYy85SlNXUHJsU2d2UXVpcUlYWE1lVkZlSTBVK0ZFWnVuOThCQ0xienkyWkR0VEpaTncKL3Jqc1ltcnJtNmIwWktXcTBkV2JTN0w1UkNvWnk5QTlwaldTSCtFQXlMMENBd0VBQWFOQ01FQXdEZ1lEVlIwUApBUUgvQkFRREFnS2tNQThHQTFVZEV3RUIvd1FGTUFNQkFmOHdIUVlEVlIwT0JCWUVGTGVvaElpaEQxMUEyME5PCno5NUo5RHZCZkYyWk1BMEdDU3FHU0liM0RRRUJDd1VBQTRJQ0FRQm15TGtpbzFldEJPNTNWV0I4RWN5U1U3Ym8KRkkxNWNUeXFUZnRPczh4NFM1TE1GTTdJTG82dHFsa1J4MlVSRFRzalpTWXViK25NS3dQZmpDWTUxN0sxeDdubApqMURNbmJESDZybTVybHRhbXRab0VQSDNyM0VTbFpORS9WZEY0VEVjODZWdmdwZFI3a0JrcjViU1hXUmFFdjlYCjFVQzgzTWlTMmgzelZsNS9yTlgvOUZaKzV4UHVOUnBmcFpjUVhGR1JSTkx2Q0JDbm9lZW9mREJIcy96VitQL0cKVXNxeFBMcis4R0NPT0QySDhYRlZsRjBBcjlRaGQ0aUhCQnd0cWVtSit2QjZUektGYUNaQzczeTJBNHNGNkNWVwpHS2hEMkQxSDZRUGlOakpCQXFRMk9RcCsyaWVIaFVuQmRIQngyTHpaNVVFeUMycEg3dmRGZlMvRTZaTkw4YnU0CkIwOCtrbys1STYrdU9ncWVKWURZbjJiL3NjYXV0WUI1czArOCs1ZVJxTFEySEdPT0JJd1B2S3ExejV2SE5Ib2oKbWVJQmQyTm9sZ2hjMUk1R2djOWhTc3YzNm9hVEdEUXBIOXpjdHJMemp4ZkQvSnZldEtKMkJDS2JaY3FTb25jcQpKRFNveGt6RThSbU11OTFsMk1yaGY4RW9yTmk0cWZUUUROYTR1bE5HdXZzQzh5ckZ0SUhqVGcyQ1hyMVVNMGxSCjF2d3FldVIvR3Vab08zTzBsUFpITEUzaEpWQlJGZ1NyWWpZSVJ5SytWWlJ6VUlWbXZ2WmtVeUdqeUVkK0FMVnoKMFh1M0dsb01BeW9QdVBwNjM2cVMxenVoUGR4Z0QyZjJ1Z250ajA2UkpzUDZPZEdXNGRMZzZ1N2VwUjN0YnovQQpwZHQveVJtK3grdE50eEtSQXc9PQotLS0tLUVORCBDRVJUSUZJQ0FURS0tLS0tCg==",
                "host": "https://aks-dazfpru7.hcp.brazilsouth.azmk8s.io:443",
                "password": "cjrjs6zjxpy6q2un1um10qddftcknhjnf55w2gqlxhm3mg0osr70ktui8ww95a8i75c91k40p23z3rdnei4rqwpkqldkrpnbwu9wk76j25ng2g00p0fx2yspompw0tk2",
                "username": "clusterUser_grupo-de-recursos-ada_aks-cluster"
              }
            ],
            "kube_config_raw": "apiVersion: v1\nclusters:\n- cluster:\n    certificate-authority-data: LS0tLS1CRUdJTiBDRVJUSUZJQ0FURS0tLS0tCk1JSUU2VENDQXRHZ0F3SUJBZ0lSQU5SSGRCQUx2ekZoUEhrOTcvd3JyNmd3RFFZSktvWklodmNOQVFFTEJRQXcKRFRFTE1Ba0dBMVVFQXhNQ1kyRXdJQmNOTWpVd016RTNNVGcxTWpNNFdoZ1BNakExTlRBek1UY3hPVEF5TXpoYQpNQTB4Q3pBSkJnTlZCQU1UQW1OaE1JSUNJakFOQmdrcWhraUc5dzBCQVFFRkFBT0NBZzhBTUlJQ0NnS0NBZ0VBCjRWd2xET2wwVFB6SzRPZzVEamlPVnhUTUorT0xidkg0KzN1ZEQ4Q2RVNjgxVTRORjlHSWhqNmQ1WHF5VzRqMVcKOXFidzZvZFpremxMa05JOEZnL3ZwSk1wcXVsSmNqN0pZY3VMNGNyZ0tyYXAxczMzVEdRVlRscENkWXIyemxobAo2RzQ5R2pMeEo3UEc2RU9IdW9uYUJ0V1ZGV1pZOU05L2hBYVo1dlVrZUJ0SWN4ME5hS1Z5TGh3TUhOWHVnSXBnCmRzU2JDc0tjNTVRVzJMM3JyQS9qY0xWL0pKRmFYZlFha1AveGFZL2lPNVc4Q0dQNkM3ZGdQL3dWZEY2VWZibDUKUWs4dlkrZmNaZXJpa2o3WWh1NHVIOW56YXBsUTllVHNuMHBJWmo5eTdWQkQ0cTRZWlVYZDhPYWpTeHQxR2pDQgpPbWREUWtSOTVCVmFmZllEZ2RkclBpNmxTaWxzYnJTQTlKSnM1WWVGa01OMzdOdWRaMUZXWmM0aVd3NkNSTjdNCnIwSnRRbksxL2xrTm1SMFBobG5HWk1qMlc1OElDc0h3bTNEV0lwMjBBTFo5VDluM2RuOWtES1MyVHBFUlFodS8Kdm0zWWhZWHZ5NkYxMHoxMHRhYWVQUFlDNnIzbTA3VEZoei9PMEt0cGhuc05WOWJwWnZweGJTZk9qT0UxY3VmcwpJamh2N2cwTUtvSGE0eDZlMSs4a2Zhbjh2WWJLTmF4a1E1UzNGWDJRSEFWbGQvU2xvWHRLUk05MzVTaEllNU4xCm9saGJXeXRaNUJHajNiYy85SlNXUHJsU2d2UXVpcUlYWE1lVkZlSTBVK0ZFWnVuOThCQ0xienkyWkR0VEpaTncKL3Jqc1ltcnJtNmIwWktXcTBkV2JTN0w1UkNvWnk5QTlwaldTSCtFQXlMMENBd0VBQWFOQ01FQXdEZ1lEVlIwUApBUUgvQkFRREFnS2tNQThHQTFVZEV3RUIvd1FGTUFNQkFmOHdIUVlEVlIwT0JCWUVGTGVvaElpaEQxMUEyME5PCno5NUo5RHZCZkYyWk1BMEdDU3FHU0liM0RRRUJDd1VBQTRJQ0FRQm15TGtpbzFldEJPNTNWV0I4RWN5U1U3Ym8KRkkxNWNUeXFUZnRPczh4NFM1TE1GTTdJTG82dHFsa1J4MlVSRFRzalpTWXViK25NS3dQZmpDWTUxN0sxeDdubApqMURNbmJESDZybTVybHRhbXRab0VQSDNyM0VTbFpORS9WZEY0VEVjODZWdmdwZFI3a0JrcjViU1hXUmFFdjlYCjFVQzgzTWlTMmgzelZsNS9yTlgvOUZaKzV4UHVOUnBmcFpjUVhGR1JSTkx2Q0JDbm9lZW9mREJIcy96VitQL0cKVXNxeFBMcis4R0NPT0QySDhYRlZsRjBBcjlRaGQ0aUhCQnd0cWVtSit2QjZUektGYUNaQzczeTJBNHNGNkNWVwpHS2hEMkQxSDZRUGlOakpCQXFRMk9RcCsyaWVIaFVuQmRIQngyTHpaNVVFeUMycEg3dmRGZlMvRTZaTkw4YnU0CkIwOCtrbys1STYrdU9ncWVKWURZbjJiL3NjYXV0WUI1czArOCs1ZVJxTFEySEdPT0JJd1B2S3ExejV2SE5Ib2oKbWVJQmQyTm9sZ2hjMUk1R2djOWhTc3YzNm9hVEdEUXBIOXpjdHJMemp4ZkQvSnZldEtKMkJDS2JaY3FTb25jcQpKRFNveGt6RThSbU11OTFsMk1yaGY4RW9yTmk0cWZUUUROYTR1bE5HdXZzQzh5ckZ0SUhqVGcyQ1hyMVVNMGxSCjF2d3FldVIvR3Vab08zTzBsUFpITEUzaEpWQlJGZ1NyWWpZSVJ5SytWWlJ6VUlWbXZ2WmtVeUdqeUVkK0FMVnoKMFh1M0dsb01BeW9QdVBwNjM2cVMxenVoUGR4Z0QyZjJ1Z250ajA2UkpzUDZPZEdXNGRMZzZ1N2VwUjN0YnovQQpwZHQveVJtK3grdE50eEtSQXc9PQotLS0tLUVORCBDRVJUSUZJQ0FURS0tLS0tCg==\n    server: https://aks-dazfpru7.hcp.brazilsouth.azmk8s.io:443\n  name: aks-cluster\ncontexts:\n- context:\n    cluster: aks-cluster\n    user: clusterUser_grupo-de-recursos-ada_aks-cluster\n  name: aks-cluster\ncurrent-context: aks-cluster\nkind: Config\npreferences: {}\nusers:\n- name: clusterUser_grupo-de-recursos-ada_aks-cluster\n  user:\n    client-certificate-data: LS0tLS1CRUdJTiBDRVJUSUZJQ0FURS0tLS0tCk1JSUZIakNDQXdhZ0F3SUJBZ0lSQU5JNVlHOWVmOGJGbWZsaHAzTXFmUGd3RFFZSktvWklodmNOQVFFTEJRQXcKRFRFTE1Ba0dBMVVFQXhNQ1kyRXdIaGNOTWpVd016RTNNVGcxTWpNNFdoY05NamN3TXpFM01Ua3dNak00V2pBdwpNUmN3RlFZRFZRUUtFdzV6ZVhOMFpXMDZiV0Z6ZEdWeWN6RVZNQk1HQTFVRUF4TU1iV0Z6ZEdWeVkyeHBaVzUwCk1JSUNJakFOQmdrcWhraUc5dzBCQVFFRkFBT0NBZzhBTUlJQ0NnS0NBZ0VBdlNscmR1OWNVd2l1N3dKUTRybCsKOFFQNmJuSzA5djRQZHVhVGFKam8rb0ZzL0Q0aHdWMk5LdmhtS0RHd2RuVkpKTm1Oa3BiTHVxRlBxRXhZOWVETgpJTUxQMExvV3lsN3hCL2x3NVExVU12K213QVRJMVBLaDRYTUhic2NJRHY1YitqbXFCdTFSd0c3ZlFpcXBDKzFrCmpKTkIyTnBZRGptV2RoSk1DNTZzRFFFYTAzYnl3VVdISmNtdW9PQThuYzd6M0s3Q3RmTUNTTm8zREdPQVhqdGEKZXA0WGNFVzBRbWVMZDI5bTl0MjRpWHhzaVFodkhQNk9uSXBhdEJBVDd1L3NVOXZWMWhHZW02UzJPWE1qYzlnNApzVjY0d2NCWVdKTS9ROEV5eWY2SktLMEViUGs0a3pjSmg3S3FzenV6T3VycEVzS3M3cDB1NE80dTNNNWZtN1NQCnhqR2wxVEh5MW5VS3BoY2M0WGNnQWRMWUxPbTRnUmdkVm5hMExRL2tiSzB4OVA3YVBYc2ZwU3h2Nk9HM1VHbmsKVEVqbVF5TWZ4aWxQZW5TOU5QVEVqNDREY2F3d2oycEZUZDhrRkRwVndCN29VQWpWZVRQVGNiRklzMHptV0Z6cwpjM05hWE5HS2dlNWx3bjJIeGFpS0J4QWlwcXJ6c3VjeXYrcnlwQzdGOW9kQUc1ZDN0aTczOFg2YjBoRWVmazI2Ckd6bUh1dWFxQ1o0bU9Xa2c3cVNOUlBmMnN6Vnd5STExQjJNUlJuS3RNRksxbEhhK2xyek9RZStJQjhKWFFkNTMKNHlubEVFTVRZNmFaaUFCK1lIekdGM1hnLzdoUVptVWJteStFbG5abUV6N1d4SWUzVFNZQ2k0T2N1TTRlaDR3Sgp1Z1JWaTVuMnVETjkzZGQ5RlNlTWVaY0NBd0VBQWFOV01GUXdEZ1lEVlIwUEFRSC9CQVFEQWdXZ01CTUdBMVVkCkpRUU1NQW9HQ0NzR0FRVUZCd01DTUF3R0ExVWRFd0VCL3dRQ01BQXdId1lEVlIwakJCZ3dGb0FVdDZpRWlLRVAKWFVEYlEwN1Aza24wTzhGOFhaa3dEUVlKS29aSWh2Y05BUUVMQlFBRGdnSUJBRDlVck9wSjF6cXNJY3dqYlB5TQplb1p3QWIxcUhxbDBOeVdTRzlOdk4vYjJTL2ZUNmpxeEpCZDFDTzFZcjh0V2JicTFmLzRTbndHYWFBU1BPMDRECjdpbkMzc2QzQVZnWVJycmwzRWVQemprWmI4Rm9ud1ZXSHdUamErNmsyN256MGt2d0JnejcvZ0VDTll5VFJvOUQKNFdZSUFJV2xRczNEWkpGQzBRZjJHYkdsbVNXV1RpeVU3aTVIbkFmVVd1aklZakV1cDV5THRvbUxUNWFxejJXVQorUk5DMTZxaWxDVitKSlhVS3RlZW9rSmFLVEhCK2daK2RUdDFidjUyeUtCeCthYktuWFJZY0xUZG5BeENzbndsCkk2bFJuUzJXSkNCekUyT2hTMzh4SlVHSkhubGlHNStWQVhJazdKSGRWK0E1RklIR1RkM0N6NkZqZmQvL3NjaHkKYUtlZUl6ZVQ4a1c3Um0wSTBvRjJuZDFkRXJXdGZkU2FyWHlSUmZHRmx5N2RKNU1nZmZ3Q2xIMjJEQStQMEdzYgpkSWNpZnJPaTErTHB3eTZsWm5BTWMxdXFTTDBaMUxEWEdvVXBocmtIZU92aG4rb1Bza2RsSnJCNm9STnBjOE5MCkJPUHZtMTlqbW8zUTRUUllkOGJmWDFYcHE4cVlKeEdQN3o0NzE4QllmNTZFbDBVZXJzSzNrY2NKanRpOVZDdUMKZERYTHJ1YUc1VW1zT25XQURJOEFOM3VaamVZRXlSc2VCNEU5MlJXMnZ1UVNqRkZyV2RwRnI2Q1RPS1A5S2xQcQp6cDlrS2Z1VU1vWCtHaTRvaVdsaFNqVHRuYkEwS0RaM0dvbzhQWm1DeTVGUlpPcS9Qa3Y4N0xBQ2dnQUJFcDZuCjVla2JybzNsRTdKVHVweXF5ZGFmTzJDYgotLS0tLUVORCBDRVJUSUZJQ0FURS0tLS0tCg==\n    client-key-data: LS0tLS1CRUdJTiBSU0EgUFJJVkFURSBLRVktLS0tLQpNSUlKS1FJQkFBS0NBZ0VBdlNscmR1OWNVd2l1N3dKUTRybCs4UVA2Ym5LMDl2NFBkdWFUYUpqbytvRnMvRDRoCndWMk5LdmhtS0RHd2RuVkpKTm1Oa3BiTHVxRlBxRXhZOWVETklNTFAwTG9XeWw3eEIvbHc1UTFVTXYrbXdBVEkKMVBLaDRYTUhic2NJRHY1YitqbXFCdTFSd0c3ZlFpcXBDKzFrakpOQjJOcFlEam1XZGhKTUM1NnNEUUVhMDNieQp3VVdISmNtdW9PQThuYzd6M0s3Q3RmTUNTTm8zREdPQVhqdGFlcDRYY0VXMFFtZUxkMjltOXQyNGlYeHNpUWh2CkhQNk9uSXBhdEJBVDd1L3NVOXZWMWhHZW02UzJPWE1qYzlnNHNWNjR3Y0JZV0pNL1E4RXl5ZjZKS0swRWJQazQKa3pjSmg3S3FzenV6T3VycEVzS3M3cDB1NE80dTNNNWZtN1NQeGpHbDFUSHkxblVLcGhjYzRYY2dBZExZTE9tNApnUmdkVm5hMExRL2tiSzB4OVA3YVBYc2ZwU3h2Nk9HM1VHbmtURWptUXlNZnhpbFBlblM5TlBURWo0NERjYXd3CmoycEZUZDhrRkRwVndCN29VQWpWZVRQVGNiRklzMHptV0Z6c2MzTmFYTkdLZ2U1bHduMkh4YWlLQnhBaXBxcnoKc3VjeXYrcnlwQzdGOW9kQUc1ZDN0aTczOFg2YjBoRWVmazI2R3ptSHV1YXFDWjRtT1drZzdxU05SUGYyc3pWdwp5STExQjJNUlJuS3RNRksxbEhhK2xyek9RZStJQjhKWFFkNTM0eW5sRUVNVFk2YVppQUIrWUh6R0YzWGcvN2hRClptVWJteStFbG5abUV6N1d4SWUzVFNZQ2k0T2N1TTRlaDR3SnVnUlZpNW4ydUROOTNkZDlGU2VNZVpjQ0F3RUEKQVFLQ0FnRUF2RTMzUkxhUzJiWFRMdXJIU213T0NpOURwWjlhdG1YRFQwSEpqRjVyenJQNG9rSFhxSDVRZ1c0MQpnOTJ6Skxrc3p4b2k3TUpnbkxEb2MwbE5aYmNiZkhseUZ2Nm9vVnhSNVBaVGhERDRtS3dXZXlCSUxIUTg0Z2w0ClpMYU5OeC9Pd0JHWFNMNEdtK0hETGtMNWRYNGtraXdsYUpJekJqWWRxZndjNTVSVkFiMFB6MktoMWZRNHpVMHcKSWNZWGthRHE4Y3ltMkNuSkpHeldUK2JkYXZENjZRVm5uOFJENWJiZUIwOUcySWx2b3EzUi9iZi9wSVZqd2tHWQplWmRud0h2bWJyUnc4bUVuMnhqa3Jkd0lkdEhQM2dIRk9sc1hsMVU5clYwdUNoYnd3eVU1T3FIOXg4OEtGYU91CmVpMzhCYkxEd29FNVZXL3pzc1pvc0RaZ3hzZkFObnpIWU1nQTZRa2NIQzU0bjV6bHNXT09oQi90VkFFaUZQczcKZERsVGplM0ZEZlcrbHBYUmswVHYzUXVES1R4UEI1NXgxQ1pQQTRiaGtIZnBNc1l6eVZiYVNsWHhIQ2VnSlRDcwpzSmRsMmRPS0pvb1lMYmFQekNWQjk5c1FWLzV5YmErRW9veFk4Nmczazh3SEJxV1F4d2pwU3dnNlZBYyt4bk9WCkNnY0kxdjFTUzgxMVlhRlpSZXgvQUlPQlplYWVWQWF6d01QQzNmcXhSamVlUTVmYmVpaENxZWtZcHJucmxOcDQKK3FLNWpIR3gvcW9abVBINXdqMGpiOE8vNVM5aUVodGlBUHk5UExtT0RxeUlmbERVRXFFY3p0cGVIY3ZzQ1UwNwpUbTBVQ0NSdGpSRkJ0Z2M3aUc0NmU0TVNNWnpvekZKSVRidlo0S2JwTFFWWVMzRk5Pd0VDZ2dFQkFPNGpuOE9KCnFkYkRZUVJpVHJFRExrQSs3VHVEZGVFKzB2MFgrME53S1ViNzFtZk1YbXk0d2FJZVRGU2hnU0poL0NPYlhVUUQKbHkyd0YwUG1SZ2d3Y1pWOHJBUHI2V2dZZEt1SWhFQnYwalU3Z1plWTlzQWZISXJzYWJ1ekx0bWlrK1d1cmxySgpJRi92UE5TVWY0ZHlPWFpmckVaRENwTFkxcXBtWnZmbGszT2pPN3Mva1NRMnhaRHgzWXdKTG0vYmVXL245WHg5CnRPNlQvYW1kZzlIZ3JoSEtZcHh1clZFR3V2OGdDOWEzUU1ldC81Q1huL043WmMycUlsajFxcksxR3gzV1REZ1MKZTNzMTJpdmMwbGdkK0Nxb3drUmwwMU85NFBxRWN6ZlBPbXhjZFBOM21tTTBNVlp1OGN1R2RqclgrMlMxRWNqSwpQcE0zQVJGVnYyUUlTc2NDZ2dFQkFNdFphTEpOL0NRMCtxSVRnNGIyZ1BuWXVXUitYQTNoQ0VYWDUyR2c5OVdECjFMYldFalVqaEkzNnRoYzlXRDVuaFQwMUdoTlZaMDdhaURvd0UwOC9wTUc3eWNUS0xrOEphMnZhdDd2SHFiRm4KeEltSjVCM2ptUmZkYWNGaXJXVDhhZHVqZ3ZOMkVubmJkbHVuRTFuSjd2YW1EUUN2cXUzSWczQjRLR0s0TnBvSApBWE5OcHRJVXZVZjFic2Z3dENISTdnekZvYmxrUzZlUnVrRGtoK1lzRUViSE1ZRk1JUUNHdWR4MnYrSmJKV1lPClpHbi9KYlAvZjRmbU1ocmZKMnRFOVJLcVM0RGkvQnVtc3hnZ2JmNHBPUnZpRWRwVUJOTGJub3UvMVR3QlpzNHYKcDhObmNXNVRIQU9LdUx5Slc2QUNkcmxwcW0wNVMvS3NUaUsxQ05EekNyRUNnZ0VBTFpMSHVtWVlDSyt2VzJWcwo1ZGRUL0p1T1R2dGpqYzIyRnhXRjBtd2VtaVVMN1NWaFZMRXU3VldiQ2Y4MmRWd0hJdEZTMGZkVjhUcG4yV2l5Ck1sTURDYmFvUEwvakZUYkk3U0xkSEcvSjdNSU1sUFNERkZWZjR2NUhaZEp1dnR1c0xpSjEzNDNxRWpINGxENHYKQWI3TVhHa0cwUk4zYkk3dTFnRnU1ellhTitFZlIwQnRDRjhyQkFnbGUrMHQ0OTQrcVRuYzh3d2ptaHpjU0orSwpZSm44OWc2alBJaTV4bTNoVDMzVWhpemZ5dGJ6dDdvc3RDNERWNDZkc0NTam5EdW9pdGMrRXVVR21KZS92dkV0Cm1BdDBPTVcvRjlQYzA0UGRFRlJVc0hPS0hMNjg2dk1TcXJXTVU1dzd6ZFZYdnY4aWJ5MXZ6OXRVaWx2V2FuamMKZmNwUWRRS0NBUUVBbXhUeitNL3ExTDRteXdhd3ozUWRodTRXN2FKRW1EMGZyd3hxcFJVN0RYWTkrcmFtS2lxTgpSQzZKUW80QlI0NXhtZTF1bG9JU2lKdTNPeEZCR0xaRDg1QkEzN2tGdWpkSDJuaHltVjQ3ZDFYWkdMKzEzbW1lCmJ3bm9ScGozL2tWV2dqQmdoVVp0N3N0RnA3NXl6bzVubFdtc0R2THFHL0JJOWJSZHNIUW5DQzhCbHlzSVo3MXoKWVhhM1p2cVdsaEdFSXU5eVdFNDZPSEMyS0JsaDMxT0pra0VGNjBMaEJHSzdTbnl4K0hKa3drR0ZxU1R5WHlVaQo0TVRaUDQ4aW8vZHlKQ3NGN0NTdituS1dzWGJDREF6cVJlNlNpUHg4dFViUzBtZVp1dXFpdWVxME9oMGc3KytvCk5MZE9EbE4vTWpmT3piYmRSL0ZqajQ2REJJc21UeHliOFFLQ0FRQlNCOHY4SDJjZGxzaFd0UU0rKzBxa0szRGMKOUZVZTRJeDVFeWovQ3dWMnp4TS90UTNXSVBFdXRLMmpkVEFhdDdRcS9mQVFoWkhwK0l0YmVNSU4yT3ZCYzFhaApaa2F2UVlEZkg3N0NxNGlPdHFiSWpLYkNaUWRFclBKQ044aW1URCtVMnp3ZWRJUFpxSDZlWGN5WjFSMFBhUDZxClNScTRzaGtZWkxtUkxla3FxS2JSNGNhNnp6M3BmenZlYmh0YWUreDI5QUtWNEFyN3lGYmRET1ZYUjNzaTBNTGcKY3g4UE9nVXMxL3FiWTR0elZFZnpSazhSeGNvblA3YjQrOW5xbHF3dG5wWGZrcWc0aFVhYkUrbGZFOHMxL1haawptUXhxK0UvM003QkEvblozNDJSY3IrcEo4T2txdmFyaHdlS0VPekN0WWQ4Y01nWksxZ3lFcThiUWRIZloKLS0tLS1FTkQgUlNBIFBSSVZBVEUgS0VZLS0tLS0K\n    token: cjrjs6zjxpy6q2un1um10qddftcknhjnf55w2gqlxhm3mg0osr70ktui8ww95a8i75c91k40p23z3rdnei4rqwpkqldkrpnbwu9wk76j25ng2g00p0fx2yspompw0tk2\n",
            "kubelet_identity": [
              {
                "client_id": "0ae00a5d-a088-424d-a2ae-8fa117a9c031",
                "object_id": "23e51e62-c2f2-4d99-86f2-3e69b7a8d490",
                "user_assigned_identity_id": "/subscriptions/b9879c18-e8da-4c85-a9de-06462b9cb8aa/resourceGroups/MC_grupo-de-recursos-ada_aks-cluster_brazilsouth/providers/Microsoft.ManagedIdentity/userAssignedIdentities/aks-cluster-agentpool"
              }
            ],
            "kubernetes_version": "1.30",
            "linux_profile": [],
            "local_account_disabled": false,
            "location": "brazilsouth",
            "maintenance_window": [],
            "maintenance_window_auto_upgrade": [],
            "maintenance_window_node_os": [],
            "microsoft_defender": [],
            "monitor_metrics": [],
            "name": "aks-cluster",
            "network_profile": [
              {
                "dns_service_ip": "10.0.0.10",
                "docker_bridge_cidr": "",
                "ebpf_data_plane": "",
                "ip_versions": [
                  "IPv4"
                ],
                "load_balancer_profile": [
                  {
                    "effective_outbound_ips": [
                      "/subscriptions/b9879c18-e8da-4c85-a9de-06462b9cb8aa/resourceGroups/MC_grupo-de-recursos-ada_aks-cluster_brazilsouth/providers/Microsoft.Network/publicIPAddresses/7c43fea3-0efd-42a2-9a81-8af83e7af8d1"
                    ],
                    "idle_timeout_in_minutes": 0,
                    "managed_outbound_ip_count": 1,
                    "managed_outbound_ipv6_count": 0,
                    "outbound_ip_address_ids": [],
                    "outbound_ip_prefix_ids": [],
                    "outbound_ports_allocated": 0
                  }
                ],
                "load_balancer_sku": "standard",
                "nat_gateway_profile": [],
                "network_data_plane": "azure",
                "network_mode": "",
                "network_plugin": "azure",
                "network_plugin_mode": "overlay",
                "network_policy": "",
                "outbound_ip_address_ids": [],
                "outbound_ip_prefix_ids": [],
                "outbound_type": "loadBalancer",
                "pod_cidr": "10.244.0.0/16",
                "pod_cidrs": [
                  "10.244.0.0/16"
                ],
                "service_cidr": "10.0.0.0/16",
                "service_cidrs": [
                  "10.0.0.0/16"
                ]
              }
            ],
            "node_os_channel_upgrade": null,
            "node_resource_group": "MC_grupo-de-recursos-ada_aks-cluster_brazilsouth",
            "node_resource_group_id": "/subscriptions/b9879c18-e8da-4c85-a9de-06462b9cb8aa/resourceGroups/MC_grupo-de-recursos-ada_aks-cluster_brazilsouth",
            "oidc_issuer_enabled": false,
            "oidc_issuer_url": "",
            "oms_agent": [],
            "open_service_mesh_enabled": null,
            "portal_fqdn": "aks-dazfpru7.portal.hcp.brazilsouth.azmk8s.io",
            "private_cluster_enabled": false,
            "private_cluster_public_fqdn_enabled": false,
            "private_dns_zone_id": "",
            "private_fqdn": "",
            "public_network_access_enabled": true,
            "resource_group_name": "grupo-de-recursos-ada",
            "role_based_access_control_enabled": true,
            "run_command_enabled": true,
            "service_mesh_profile": [],
            "service_principal": [],
            "sku_tier": "Free",
            "storage_profile": [],
            "support_plan": "KubernetesOfficial",
            "tags": {
              "environment": "production"
            },
            "timeouts": null,
            "web_app_routing": [],
            "windows_profile": [],
            "workload_autoscaler_profile": [],
            "workload_identity_enabled": false
          },
          "sensitive_attributes": [
            [
              {
                "type": "get_attr",
                "value": "kube_admin_config_raw"
              }
            ],
            [
              {
                "type": "get_attr",
                "value": "kube_config_raw"
              }
            ],
            [
              {
                "type": "get_attr",
                "value": "kube_admin_config"
              }
            ],
            [
              {
                "type": "get_attr",
                "value": "kube_config"
              }
            ]
          ],
          "private": "eyJlMmJmYjczMC1lY2FhLTExZTYtOGY4OC0zNDM2M2JjN2M0YzAiOnsiY3JlYXRlIjo1NDAwMDAwMDAwMDAwLCJkZWxldGUiOjU0MDAwMDAwMDAwMDAsInJlYWQiOjMwMDAwMDAwMDAwMCwidXBkYXRlIjo1NDAwMDAwMDAwMDAwfSwic2NoZW1hX3ZlcnNpb24iOiIyIn0=",
          "dependencies": [
            "azurerm_resource_group.grupo-recursos-ada"
          ]
        }
      ]
    },
    {
      "mode": "managed",
      "type": "azurerm_mssql_database",
      "name": "db",
      "provider": "provider[\"registry.terraform.io/hashicorp/azurerm\"]",
      "instances": [
        {
          "schema_version": 1,
          "attributes": {
            "auto_pause_delay_in_minutes": 0,
            "collation": "SQL_Latin1_General_CP1_CI_AS",
            "create_mode": "Default",
            "creation_source_database_id": null,
            "elastic_pool_id": "",
            "enclave_type": "",
            "geo_backup_enabled": true,
            "id": "/subscriptions/b9879c18-e8da-4c85-a9de-06462b9cb8aa/resourceGroups/grupo-de-recursos-ada/providers/Microsoft.Sql/servers/mybancodedadis/databases/BancoProjetoAda",
            "identity": [],
            "import": [],
            "ledger_enabled": false,
            "license_type": "",
            "long_term_retention_policy": [
              {
                "immutable_backups_enabled": false,
                "monthly_retention": "PT0S",
                "week_of_year": 1,
                "weekly_retention": "PT0S",
                "yearly_retention": "PT0S"
              }
            ],
            "maintenance_configuration_name": "SQL_Default",
            "max_size_gb": 1,
            "min_capacity": 0,
            "name": "BancoProjetoAda",
            "read_replica_count": 0,
            "read_scale": false,
            "recover_database_id": null,
            "recovery_point_id": null,
            "restore_dropped_database_id": null,
            "restore_long_term_retention_backup_id": null,
            "restore_point_in_time": null,
            "sample_name": null,
            "secondary_type": "",
            "server_id": "/subscriptions/b9879c18-e8da-4c85-a9de-06462b9cb8aa/resourceGroups/grupo-de-recursos-ada/providers/Microsoft.Sql/servers/mybancodedadis",
            "short_term_retention_policy": [
              {
                "backup_interval_in_hours": 24,
                "retention_days": 7
              }
            ],
            "sku_name": "Basic",
            "storage_account_type": "Geo",
            "tags": {
              "environment": "production"
            },
            "threat_detection_policy": [
              {
                "disabled_alerts": [],
                "email_account_admins": "Disabled",
                "email_addresses": [],
                "retention_days": 0,
                "state": "Disabled",
                "storage_account_access_key": "",
                "storage_endpoint": ""
              }
            ],
            "timeouts": null,
            "transparent_data_encryption_enabled": true,
            "transparent_data_encryption_key_automatic_rotation_enabled": false,
            "transparent_data_encryption_key_vault_key_id": "",
            "zone_redundant": false
          },
          "sensitive_attributes": [
            [
              {
                "type": "get_attr",
                "value": "threat_detection_policy"
              },
              {
                "type": "index",
                "value": {
                  "value": 0,
                  "type": "number"
                }
              },
              {
                "type": "get_attr",
                "value": "storage_account_access_key"
              }
            ]
          ],
          "private": "eyJlMmJmYjczMC1lY2FhLTExZTYtOGY4OC0zNDM2M2JjN2M0YzAiOnsiY3JlYXRlIjozNjAwMDAwMDAwMDAwLCJkZWxldGUiOjM2MDAwMDAwMDAwMDAsInJlYWQiOjMwMDAwMDAwMDAwMCwidXBkYXRlIjozNjAwMDAwMDAwMDAwfSwic2NoZW1hX3ZlcnNpb24iOiIxIn0=",
          "dependencies": [
            "azurerm_mssql_server.sqlserver",
            "azurerm_resource_group.grupo-recursos-ada"
          ]
        }
      ]
    },
    {
      "mode": "managed",
      "type": "azurerm_mssql_server",
      "name": "sqlserver",
      "provider": "provider[\"registry.terraform.io/hashicorp/azurerm\"]",
      "instances": [
        {
          "schema_version": 0,
          "attributes": {
            "administrator_login": "BANCODEDADOS",
            "administrator_login_password": "123456789qwE@",
            "azuread_administrator": [],
            "connection_policy": "Default",
            "fully_qualified_domain_name": "mybancodedadis.database.windows.net",
            "id": "/subscriptions/b9879c18-e8da-4c85-a9de-06462b9cb8aa/resourceGroups/grupo-de-recursos-ada/providers/Microsoft.Sql/servers/mybancodedadis",
            "identity": [],
            "location": "brazilsouth",
            "minimum_tls_version": "1.2",
            "name": "mybancodedadis",
            "outbound_network_restriction_enabled": false,
            "primary_user_assigned_identity_id": "",
            "public_network_access_enabled": true,
            "resource_group_name": "grupo-de-recursos-ada",
            "restorable_dropped_database_ids": [],
            "tags": {
              "environment": "production"
            },
            "timeouts": null,
            "transparent_data_encryption_key_vault_key_id": "",
            "version": "12.0"
          },
          "sensitive_attributes": [
            [
              {
                "type": "get_attr",
                "value": "administrator_login_password"
              }
            ]
          ],
          "private": "eyJlMmJmYjczMC1lY2FhLTExZTYtOGY4OC0zNDM2M2JjN2M0YzAiOnsiY3JlYXRlIjozNjAwMDAwMDAwMDAwLCJkZWxldGUiOjM2MDAwMDAwMDAwMDAsInJlYWQiOjMwMDAwMDAwMDAwMCwidXBkYXRlIjozNjAwMDAwMDAwMDAwfX0=",
          "dependencies": [
            "azurerm_resource_group.grupo-recursos-ada"
          ]
        }
      ]
    },
    {
      "mode": "managed",
      "type": "azurerm_resource_group",
      "name": "grupo-recursos-ada",
      "provider": "provider[\"registry.terraform.io/hashicorp/azurerm\"]",
      "instances": [
        {
          "schema_version": 0,
          "attributes": {
            "id": "/subscriptions/b9879c18-e8da-4c85-a9de-06462b9cb8aa/resourceGroups/grupo-de-recursos-ada",
            "location": "brazilsouth",
            "managed_by": "",
            "name": "grupo-de-recursos-ada",
            "tags": {},
            "timeouts": null
          },
          "sensitive_attributes": [],
          "private": "eyJlMmJmYjczMC1lY2FhLTExZTYtOGY4OC0zNDM2M2JjN2M0YzAiOnsiY3JlYXRlIjo1NDAwMDAwMDAwMDAwLCJkZWxldGUiOjU0MDAwMDAwMDAwMDAsInJlYWQiOjMwMDAwMDAwMDAwMCwidXBkYXRlIjo1NDAwMDAwMDAwMDAwfX0="
        }
      ]
    },
    {
      "mode": "managed",
      "type": "kubernetes_deployment",
      "name": "app",
      "provider": "provider[\"registry.terraform.io/hashicorp/kubernetes\"]",
      "instances": [
        {
          "schema_version": 1,
          "attributes": {
            "id": "namespace/app-deployment",
            "metadata": [
              {
                "annotations": {},
                "generate_name": "",
                "generation": 2,
                "labels": {},
                "name": "app-deployment",
                "namespace": "namespace",
                "resource_version": "351989",
                "uid": "d147be41-4751-47f6-a3b7-7389786e71f9"
              }
            ],
            "spec": [
              {
                "min_ready_seconds": 0,
                "paused": false,
                "progress_deadline_seconds": 600,
                "replicas": "1",
                "revision_history_limit": 10,
                "selector": [
                  {
                    "match_expressions": [],
                    "match_labels": {
                      "app": "app"
                    }
                  }
                ],
                "strategy": [
                  {
                    "rolling_update": [
                      {
                        "max_surge": "25%",
                        "max_unavailable": "25%"
                      }
                    ],
                    "type": "RollingUpdate"
                  }
                ],
                "template": [
                  {
                    "metadata": [
                      {
                        "annotations": {},
                        "generate_name": "",
                        "generation": 0,
                        "labels": {
                          "app": "app"
                        },
                        "name": "",
                        "namespace": "",
                        "resource_version": "",
                        "uid": ""
                      }
                    ],
                    "spec": [
                      {
                        "active_deadline_seconds": 0,
                        "affinity": [],
                        "automount_service_account_token": true,
                        "container": [
                          {
                            "args": [],
                            "command": [],
                            "env": [
                              {
                                "name": "SPD_KEY_VAULT_URI",
                                "value": "https://kv-desafio-aks.vault.azure.net/",
                                "value_from": []
                              },
                              {
                                "name": "DB_CONNECTION_STRING",
                                "value": "Server=tcp:mybancodedadis.database.windows.net,1433;Initial Catalog=BancoProjetoAda;Persist Security Info=False;User ID=BANCODEDADOS;Password=123456789qwE@;MultipleActiveResultSets=False;Encrypt=True;TrustServerCertificate=False;Connection Timeout=30;",
                                "value_from": []
                              },
                              {
                                "name": "ASPNETCORE_ENVIRONMENT",
                                "value": "Development",
                                "value_from": []
                              }
                            ],
                            "env_from": [],
                            "image": "acrprojetoada.azurecr.io/schwendler/embarque-ti-spd-project:v1",
                            "image_pull_policy": "Always",
                            "lifecycle": [],
                            "liveness_probe": [],
                            "name": "app",
                            "port": [
                              {
                                "container_port": 8080,
                                "host_ip": "",
                                "host_port": 0,
                                "name": "",
                                "protocol": "TCP"
                              }
                            ],
                            "readiness_probe": [],
                            "resources": [
                              {
                                "limits": {},
                                "requests": {}
                              }
                            ],
                            "security_context": [],
                            "startup_probe": [],
                            "stdin": false,
                            "stdin_once": false,
                            "termination_message_path": "/dev/termination-log",
                            "termination_message_policy": "File",
                            "tty": false,
                            "volume_device": [],
                            "volume_mount": [],
                            "working_dir": ""
                          }
                        ],
                        "dns_config": [],
                        "dns_policy": "ClusterFirst",
                        "enable_service_links": true,
                        "host_aliases": [],
                        "host_ipc": false,
                        "host_network": false,
                        "host_pid": false,
                        "hostname": "",
                        "image_pull_secrets": [],
                        "init_container": [],
                        "node_name": "",
                        "node_selector": {},
                        "os": [],
                        "priority_class_name": "",
                        "readiness_gate": [],
                        "restart_policy": "Always",
                        "runtime_class_name": "",
                        "scheduler_name": "default-scheduler",
                        "security_context": [],
                        "service_account_name": "",
                        "share_process_namespace": false,
                        "subdomain": "",
                        "termination_grace_period_seconds": 30,
                        "toleration": [],
                        "topology_spread_constraint": [],
                        "volume": []
                      }
                    ]
                  }
                ]
              }
            ],
            "timeouts": null,
            "wait_for_rollout": true
          },
          "sensitive_attributes": [
            [
              {
                "type": "get_attr",
                "value": "spec"
              },
              {
                "type": "index",
                "value": {
                  "value": 0,
                  "type": "number"
                }
              },
              {
                "type": "get_attr",
                "value": "template"
              },
              {
                "type": "index",
                "value": {
                  "value": 0,
                  "type": "number"
                }
              },
              {
                "type": "get_attr",
                "value": "spec"
              },
              {
                "type": "index",
                "value": {
                  "value": 0,
                  "type": "number"
                }
              },
              {
                "type": "get_attr",
                "value": "container"
              },
              {
                "type": "index",
                "value": {
                  "value": 0,
                  "type": "number"
                }
              },
              {
                "type": "get_attr",
                "value": "env"
              },
              {
                "type": "index",
                "value": {
                  "value": 1,
                  "type": "number"
                }
              },
              {
                "type": "get_attr",
                "value": "value"
              }
            ]
          ],
          "private": "eyJlMmJmYjczMC1lY2FhLTExZTYtOGY4OC0zNDM2M2JjN2M0YzAiOnsiY3JlYXRlIjo2MDAwMDAwMDAwMDAsImRlbGV0ZSI6NjAwMDAwMDAwMDAwLCJ1cGRhdGUiOjYwMDAwMDAwMDAwMH0sInNjaGVtYV92ZXJzaW9uIjoiMSJ9",
          "dependencies": [
            "azurerm_key_vault.kv",
            "azurerm_key_vault_secret.db_connection_string",
            "azurerm_kubernetes_cluster.main",
            "azurerm_mssql_database.db",
            "azurerm_mssql_server.sqlserver",
            "azurerm_resource_group.grupo-recursos-ada",
            "data.azurerm_client_config.current"
          ]
        }
      ]
    },
    {
      "mode": "managed",
      "type": "kubernetes_namespace",
      "name": "app",
      "provider": "provider[\"registry.terraform.io/hashicorp/kubernetes\"]",
      "instances": [
        {
          "schema_version": 0,
          "attributes": {
            "id": "namespace",
            "metadata": [
              {
                "annotations": {},
                "generate_name": "",
                "generation": 0,
                "labels": {},
                "name": "namespace",
                "resource_version": "267456",
                "uid": "9f2eeb2d-20d1-4536-87cd-e700301ffc31"
              }
            ],
            "timeouts": null,
            "wait_for_default_service_account": false
          },
          "sensitive_attributes": [],
          "private": "eyJlMmJmYjczMC1lY2FhLTExZTYtOGY4OC0zNDM2M2JjN2M0YzAiOnsiZGVsZXRlIjozMDAwMDAwMDAwMDB9fQ=="
        }
      ]
    },
    {
      "mode": "managed",
      "type": "kubernetes_service",
      "name": "app",
      "provider": "provider[\"registry.terraform.io/hashicorp/kubernetes\"]",
      "instances": [
        {
          "schema_version": 1,
          "attributes": {
            "id": "namespace/app-service",
            "metadata": [
              {
                "annotations": {},
                "generate_name": "",
                "generation": 0,
                "labels": {},
                "name": "app-service",
                "namespace": "namespace",
                "resource_version": "328163",
                "uid": "53840f80-5bc4-47fc-814a-06023bbbaba5"
              }
            ],
            "spec": [
              {
                "allocate_load_balancer_node_ports": true,
                "cluster_ip": "10.0.154.159",
                "cluster_ips": [
                  "10.0.154.159"
                ],
                "external_ips": [],
                "external_name": "",
                "external_traffic_policy": "Cluster",
                "health_check_node_port": 0,
                "internal_traffic_policy": "Cluster",
                "ip_families": [
                  "IPv4"
                ],
                "ip_family_policy": "SingleStack",
                "load_balancer_class": "",
                "load_balancer_ip": "",
                "load_balancer_source_ranges": [],
                "port": [
                  {
                    "app_protocol": "",
                    "name": "",
                    "node_port": 31968,
                    "port": 80,
                    "protocol": "TCP",
                    "target_port": "8080"
                  }
                ],
                "publish_not_ready_addresses": false,
                "selector": {
                  "app": "app"
                },
                "session_affinity": "None",
                "session_affinity_config": [],
                "type": "LoadBalancer"
              }
            ],
            "status": [
              {
                "load_balancer": [
                  {
                    "ingress": [
                      {
                        "hostname": "",
                        "ip": "74.163.179.131"
                      }
                    ]
                  }
                ]
              }
            ],
            "timeouts": null,
            "wait_for_load_balancer": true
          },
          "sensitive_attributes": [],
          "private": "eyJlMmJmYjczMC1lY2FhLTExZTYtOGY4OC0zNDM2M2JjN2M0YzAiOnsiY3JlYXRlIjo2MDAwMDAwMDAwMDB9LCJzY2hlbWFfdmVyc2lvbiI6IjEifQ=="
        }
      ]
    }
  ],
  "check_results": null
}
